// !$*UTF8*$!
{
	archiveVersion = 1;
	classes = {
	};
	objectVersion = 46;
	objects = {

/* Begin PBXBuildFile section */
		6D7613631F0E35BD00B18A23 /* AppDelegate.swift in Sources */ = {isa = PBXBuildFile; fileRef = 6D7613621F0E35BD00B18A23 /* AppDelegate.swift */; };
		6D7613651F0E35BD00B18A23 /* ViewController.swift in Sources */ = {isa = PBXBuildFile; fileRef = 6D7613641F0E35BD00B18A23 /* ViewController.swift */; };
		6D7613681F0E35BD00B18A23 /* Main.storyboard in Resources */ = {isa = PBXBuildFile; fileRef = 6D7613661F0E35BD00B18A23 /* Main.storyboard */; };
		6D76136A1F0E35BD00B18A23 /* Assets.xcassets in Resources */ = {isa = PBXBuildFile; fileRef = 6D7613691F0E35BD00B18A23 /* Assets.xcassets */; };
		6D76136D1F0E35BD00B18A23 /* LaunchScreen.storyboard in Resources */ = {isa = PBXBuildFile; fileRef = 6D76136B1F0E35BD00B18A23 /* LaunchScreen.storyboard */; };
		6D7613751F0E35E100B18A23 /* RawJson.swift in Sources */ = {isa = PBXBuildFile; fileRef = 6D7613741F0E35E100B18A23 /* RawJson.swift */; };
/* End PBXBuildFile section */

/* Begin PBXFileReference section */
		6D76135F1F0E35BD00B18A23 /* MutilevelDeepTableView.app */ = {isa = PBXFileReference; explicitFileType = wrapper.application; includeInIndex = 0; path = MutilevelDeepTableView.app; sourceTree = BUILT_PRODUCTS_DIR; };
		6D7613621F0E35BD00B18A23 /* AppDelegate.swift */ = {isa = PBXFileReference; lastKnownFileType = sourcecode.swift; path = AppDelegate.swift; sourceTree = "<group>"; };
		6D7613641F0E35BD00B18A23 /* ViewController.swift */ = {isa = PBXFileReference; lastKnownFileType = sourcecode.swift; path = ViewController.swift; sourceTree = "<group>"; };
		6D7613671F0E35BD00B18A23 /* Base */ = {isa = PBXFileReference; lastKnownFileType = file.storyboard; name = Base; path = Base.lproj/Main.storyboard; sourceTree = "<group>"; };
		6D7613691F0E35BD00B18A23 /* Assets.xcassets */ = {isa = PBXFileReference; lastKnownFileType = folder.assetcatalog; path = Assets.xcassets; sourceTree = "<group>"; };
		6D76136C1F0E35BD00B18A23 /* Base */ = {isa = PBXFileReference; lastKnownFileType = file.storyboard; name = Base; path = Base.lproj/LaunchScreen.storyboard; sourceTree = "<group>"; };
		6D76136E1F0E35BD00B18A23 /* Info.plist */ = {isa = PBXFileReference; lastKnownFileType = text.plist.xml; path = Info.plist; sourceTree = "<group>"; };
		6D7613741F0E35E100B18A23 /* RawJson.swift */ = {isa = PBXFileReference; fileEncoding = 4; lastKnownFileType = sourcecode.swift; path = RawJson.swift; sourceTree = "<group>"; };
/* End PBXFileReference section */

/* Begin PBXFrameworksBuildPhase section */
		6D76135C1F0E35BD00B18A23 /* Frameworks */ = {
			isa = PBXFrameworksBuildPhase;
			buildActionMask = 2147483647;
			files = (
			);
			runOnlyForDeploymentPostprocessing = 0;
		};
/* End PBXFrameworksBuildPhase section */

/* Begin PBXGroup section */
		6D7613561F0E35BD00B18A23 = {
			isa = PBXGroup;
			children = (
				6D7613611F0E35BD00B18A23 /* MutilevelDeepTableView */,
				6D7613601F0E35BD00B18A23 /* Products */,
			);
			sourceTree = "<group>";
		};
		6D7613601F0E35BD00B18A23 /* Products */ = {
			isa = PBXGroup;
			children = (
				6D76135F1F0E35BD00B18A23 /* MutilevelDeepTableView.app */,
			);
			name = Products;
			sourceTree = "<group>";
		};
		6D7613611F0E35BD00B18A23 /* MutilevelDeepTableView */ = {
			isa = PBXGroup;
			children = (
				6D7613621F0E35BD00B18A23 /* AppDelegate.swift */,
				6D7613641F0E35BD00B18A23 /* ViewController.swift */,
				6D7613741F0E35E100B18A23 /* RawJson.swift */,
				6D7613661F0E35BD00B18A23 /* Main.storyboard */,
				6D7613691F0E35BD00B18A23 /* Assets.xcassets */,
				6D76136B1F0E35BD00B18A23 /* LaunchScreen.storyboard */,
				6D76136E1F0E35BD00B18A23 /* Info.plist */,
			);
			path = MutilevelDeepTableView;
			sourceTree = "<group>";
		};
/* End PBXGroup section */

/* Begin PBXNativeTarget section */
		6D76135E1F0E35BD00B18A23 /* MutilevelDeepTableView */ = {
			isa = PBXNativeTarget;
			buildConfigurationList = 6D7613711F0E35BD00B18A23 /* Build configuration list for PBXNativeTarget "MutilevelDeepTableView" */;
			buildPhases = (
				6D76135B1F0E35BD00B18A23 /* Sources */,
				6D76135C1F0E35BD00B18A23 /* Frameworks */,
				6D76135D1F0E35BD00B18A23 /* Resources */,
			);
			buildRules = (
			);
			dependencies = (
			);
			name = MutilevelDeepTableView;
			productName = MutilevelDeepTableView;
			productReference = 6D76135F1F0E35BD00B18A23 /* MutilevelDeepTableView.app */;
			productType = "com.apple.product-type.application";
		};
/* End PBXNativeTarget section */

/* Begin PBXProject section */
		6D7613571F0E35BD00B18A23 /* Project object */ = {
			isa = PBXProject;
			attributes = {
				LastSwiftUpdateCheck = 0830;
				LastUpgradeCheck = 0830;
				ORGANIZATIONNAME = ernie.cheng;
				TargetAttributes = {
					6D76135E1F0E35BD00B18A23 = {
						CreatedOnToolsVersion = 8.3.3;
						ProvisioningStyle = Automatic;
					};
				};
			};
			buildConfigurationList = 6D76135A1F0E35BD00B18A23 /* Build configuration list for PBXProject "MutilevelDeepTableView" */;
			compatibilityVersion = "Xcode 3.2";
			developmentRegion = English;
			hasScannedForEncodings = 0;
			knownRegions = (
				en,
				Base,
			);
			mainGroup = 6D7613561F0E35BD00B18A23;
			productRefGroup = 6D7613601F0E35BD00B18A23 /* Products */;
			projectDirPath = "";
			projectRoot = "";
			targets = (
				6D76135E1F0E35BD00B18A23 /* MutilevelDeepTableView */,
			);
		};
/* End PBXProject section */

/* Begin PBXResourcesBuildPhase section */
		6D76135D1F0E35BD00B18A23 /* Resources */ = {
			isa = PBXResourcesBuildPhase;
			buildActionMask = 2147483647;
			files = (
				6D76136D1F0E35BD00B18A23 /* LaunchScreen.storyboard in Resources */,
				6D76136A1F0E35BD00B18A23 /* Assets.xcassets in Resources */,
				6D7613681F0E35BD00B18A23 /* Main.storyboard in Resources */,
			);
			runOnlyForDeploymentPostprocessing = 0;
		};
/* End PBXResourcesBuildPhase section */

/* Begin PBXSourcesBuildPhase section */
		6D76135B1F0E35BD00B18A23 /* Sources */ = {
			isa = PBXSourcesBuildPhase;
			buildActionMask = 2147483647;
			files = (
				6D7613651F0E35BD00B18A23 /* ViewController.swift in Sources */,
				6D7613631F0E35BD00B18A23 /* AppDelegate.swift in Sources */,
				6D7613751F0E35E100B18A23 /* RawJson.swift in Sources */,
			);
			runOnlyForDeploymentPostprocessing = 0;
		};
/* End PBXSourcesBuildPhase section */

/* Begin PBXVariantGroup section */
		6D7613661F0E35BD00B18A23 /* Main.storyboard */ = {
			isa = PBXVariantGroup;
			children = (
				6D7613671F0E35BD00B18A23 /* Base */,
			);
			name = Main.storyboard;
			sourceTree = "<group>";
		};
		6D76136B1F0E35BD00B18A23 /* LaunchScreen.storyboard */ = {
			isa = PBXVariantGroup;
			children = (
				6D76136C1F0E35BD00B18A23 /* Base */,
			);
			name = LaunchScreen.storyboard;
			sourceTree = "<group>";
		};
/* End PBXVariantGroup section */

/* Begin XCBuildConfiguration section */
		6D76136F1F0E35BD00B18A23 /* Debug */ = {
			isa = XCBuildConfiguration;
			buildSettings = {
				ALWAYS_SEARCH_USER_PATHS = NO;
				CLANG_ANALYZER_NONNULL = YES;
				CLANG_ANALYZER_NUMBER_OBJECT_CONVERSION = YES_AGGRESSIVE;
				CLANG_CXX_LANGUAGE_STANDARD = "gnu++0x";
				CLANG_CXX_LIBRARY = "libc++";
				CLANG_ENABLE_MODULES = YES;
				CLANG_ENABLE_OBJC_ARC = YES;
				CLANG_WARN_BOOL_CONVERSION = YES;
				CLANG_WARN_CONSTANT_CONVERSION = YES;
				CLANG_WARN_DIRECT_OBJC_ISA_USAGE = YES_ERROR;
				CLANG_WARN_DOCUMENTATION_COMMENTS = YES;
				CLANG_WARN_EMPTY_BODY = YES;
				CLANG_WARN_ENUM_CONVERSION = YES;
				CLANG_WARN_INFINITE_RECURSION = YES;
				CLANG_WARN_INT_CONVERSION = YES;
				CLANG_WARN_OBJC_ROOT_CLASS = YES_ERROR;
				CLANG_WARN_SUSPICIOUS_MOVE = YES;
				CLANG_WARN_UNREACHABLE_CODE = YES;
				CLANG_WARN__DUPLICATE_METHOD_MATCH = YES;
				"CODE_SIGN_IDENTITY[sdk=iphoneos*]" = "iPhone Developer";
				COPY_PHASE_STRIP = NO;
				DEBUG_INFORMATION_FORMAT = dwarf;
				ENABLE_STRICT_OBJC_MSGSEND = YES;
				ENABLE_TESTABILITY = YES;
				GCC_C_LANGUAGE_STANDARD = gnu99;
				GCC_DYNAMIC_NO_PIC = NO;
				GCC_NO_COMMON_BLOCKS = YES;
				GCC_OPTIMIZATION_LEVEL = 0;
				GCC_PREPROCESSOR_DEFINITIONS = (
					"DEBUG=1",
					"$(inherited)",
				);
				GCC_WARN_64_TO_32_BIT_CONVERSION = YES;
				GCC_WARN_ABOUT_RETURN_TYPE = YES_ERROR;
				GCC_WARN_UNDECLARED_SELECTOR = YES;
				GCC_WARN_UNINITIALIZED_AUTOS = YES_AGGRESSIVE;
				GCC_WARN_UNUSED_FUNCTION = YES;
				GCC_WARN_UNUSED_VARIABLE = YES;
				IPHONEOS_DEPLOYMENT_TARGET = 10.3;
				MTL_ENABLE_DEBUG_INFO = YES;
				ONLY_ACTIVE_ARCH = YES;
				SDKROOT = iphoneos;
				SWIFT_ACTIVE_COMPILATION_CONDITIONS = DEBUG;
				SWIFT_OPTIMIZATION_LEVEL = "-Onone";
				TARGETED_DEVICE_FAMILY = "1,2";
			};
			name = Debug;
		};
		6D7613701F0E35BD00B18A23 /* Release */ = {
			isa = XCBuildConfiguration;
			buildSettings = {
				ALWAYS_SEARCH_USER_PATHS = NO;
				CLANG_ANALYZER_NONNULL = YES;
				CLANG_ANALYZER_NUMBER_OBJECT_CONVERSION = YES_AGGRESSIVE;
				CLANG_CXX_LANGUAGE_STANDARD = "gnu++0x";
				CLANG_CXX_LIBRARY = "libc++";
				CLANG_ENABLE_MODULES = YES;
				CLANG_ENABLE_OBJC_ARC = YES;
				CLANG_WARN_BOOL_CONVERSION = YES;
				CLANG_WARN_CONSTANT_CONVERSION = YES;
				CLANG_WARN_DIRECT_OBJC_ISA_USAGE = YES_ERROR;
				CLANG_WARN_DOCUMENTATION_COMMENTS = YES;
				CLANG_WARN_EMPTY_BODY = YES;
				CLANG_WARN_ENUM_CONVERSION = YES;
				CLANG_WARN_INFINITE_RECURSION = YES;
				CLANG_WARN_INT_CONVERSION = YES;
				CLANG_WARN_OBJC_ROOT_CLASS = YES_ERROR;
				CLANG_WARN_SUSPICIOUS_MOVE = YES;
				CLANG_WARN_UNREACHABLE_CODE = YES;
				CLANG_WARN__DUPLICATE_METHOD_MATCH = YES;
				"CODE_SIGN_IDENTITY[sdk=iphoneos*]" = "iPhone Developer";
				COPY_PHASE_STRIP = NO;
				DEBUG_INFORMATION_FORMAT = "dwarf-with-dsym";
				ENABLE_NS_ASSERTIONS = NO;
				ENABLE_STRICT_OBJC_MSGSEND = YES;
				GCC_C_LANGUAGE_STANDARD = gnu99;
				GCC_NO_COMMON_BLOCKS = YES;
				GCC_WARN_64_TO_32_BIT_CONVERSION = YES;
				GCC_WARN_ABOUT_RETURN_TYPE = YES_ERROR;
				GCC_WARN_UNDECLARED_SELECTOR = YES;
				GCC_WARN_UNINITIALIZED_AUTOS = YES_AGGRESSIVE;
				GCC_WARN_UNUSED_FUNCTION = YES;
				GCC_WARN_UNUSED_VARIABLE = YES;
				IPHONEOS_DEPLOYMENT_TARGET = 10.3;
				MTL_ENABLE_DEBUG_INFO = NO;
				SDKROOT = iphoneos;
				SWIFT_OPTIMIZATION_LEVEL = "-Owholemodule";
				TARGETED_DEVICE_FAMILY = "1,2";
				VALIDATE_PRODUCT = YES;
			};
			name = Release;
		};
		6D7613721F0E35BD00B18A23 /* Debug */ = {
			isa = XCBuildConfiguration;
			buildSettings = {
				ASSETCATALOG_COMPILER_APPICON_NAME = AppIcon;
				INFOPLIST_FILE = MutilevelDeepTableView/Info.plist;
				LD_RUNPATH_SEARCH_PATHS = "$(inherited) @executable_path/Frameworks";
				PRODUCT_BUNDLE_IDENTIFIER = com.perficient.ernie.MutilevelDeepTableView;
				PRODUCT_NAME = "$(TARGET_NAME)";
				SWIFT_VERSION = 3.0;
			};
			name = Debug;
		};
		6D7613731F0E35BD00B18A23 /* Release */ = {
			isa = XCBuildConfiguration;
			buildSettings = {
				ASSETCATALOG_COMPILER_APPICON_NAME = AppIcon;
				INFOPLIST_FILE = MutilevelDeepTableView/Info.plist;
				LD_RUNPATH_SEARCH_PATHS = "$(inherited) @executable_path/Frameworks";
				PRODUCT_BUNDLE_IDENTIFIER = com.perficient.ernie.MutilevelDeepTableView;
				PRODUCT_NAME = "$(TARGET_NAME)";
				SWIFT_VERSION = 3.0;
			};
			name = Release;
		};
/* End XCBuildConfiguration section */

/* Begin XCConfigurationList section */
		6D76135A1F0E35BD00B18A23 /* Build configuration list for PBXProject "MutilevelDeepTableView" */ = {
			isa = XCConfigurationList;
			buildConfigurations = (
				6D76136F1F0E35BD00B18A23 /* Debug */,
				6D7613701F0E35BD00B18A23 /* Release */,
			);
			defaultConfigurationIsVisible = 0;
			defaultConfigurationName = Release;
		};
		6D7613711F0E35BD00B18A23 /* Build configuration list for PBXNativeTarget "MutilevelDeepTableView" */ = {
			isa = XCConfigurationList;
			buildConfigurations = (
				6D7613721F0E35BD00B18A23 /* Debug */,
				6D7613731F0E35BD00B18A23 /* Release */,
			);
			defaultConfigurationIsVisible = 0;
		};
/* End XCConfigurationList section */
	};
	rootObject = 6D7613571F0E35BD00B18A23 /* Project object */;
}
